Microsoft Visual Studio Solution File, Format Version 12.00
# Visual Studio 2012
Project("{FAE04EC0-301F-11D3-BF4B-00C04F79EFBC}") = "TheBall", "TheBall.csproj", "{AEA04F9C-CB85-4E1E-A9B3-89EF67CF8906}"
EndProject
Global
	GlobalSection(SolutionConfigurationPlatforms) = preSolution
	Debug|Any CPU = Debug|Any CPU
	ExportDebug|Any CPU = ExportDebug|Any CPU
	ExportRelease|Any CPU = ExportRelease|Any CPU
	EndGlobalSection
	GlobalSection(ProjectConfigurationPlatforms) = postSolution
		{AEA04F9C-CB85-4E1E-A9B3-89EF67CF8906}.Debug|Any CPU.ActiveCfg = Debug|Any CPU
		{AEA04F9C-CB85-4E1E-A9B3-89EF67CF8906}.Debug|Any CPU.Build.0 = Debug|Any CPU
		{AEA04F9C-CB85-4E1E-A9B3-89EF67CF8906}.ExportDebug|Any CPU.ActiveCfg = ExportDebug|Any CPU
		{AEA04F9C-CB85-4E1E-A9B3-89EF67CF8906}.ExportDebug|Any CPU.Build.0 = ExportDebug|Any CPU
		{AEA04F9C-CB85-4E1E-A9B3-89EF67CF8906}.ExportRelease|Any CPU.ActiveCfg = ExportRelease|Any CPU
		{AEA04F9C-CB85-4E1E-A9B3-89EF67CF8906}.ExportRelease|Any CPU.Build.0 = ExportRelease|Any CPU
	EndGlobalSection
EndGlobal
